// !$*UTF8*$!
{
	archiveVersion = 1;
	classes = {
	};
	objectVersion = 46;
	objects = {

/* Begin PBXBuildFile section */
		1DC4118C1CF3918700DCE36B /* AppDelegate.swift in Sources */ = {isa = PBXBuildFile; fileRef = 1DC4118B1CF3918700DCE36B /* AppDelegate.swift */; };
		1DC4118E1CF3918700DCE36B /* ViewController.swift in Sources */ = {isa = PBXBuildFile; fileRef = 1DC4118D1CF3918700DCE36B /* ViewController.swift */; };
		1DC411911CF3918700DCE36B /* Main.storyboard in Resources */ = {isa = PBXBuildFile; fileRef = 1DC4118F1CF3918700DCE36B /* Main.storyboard */; };
		1DC411931CF3918700DCE36B /* Assets.xcassets in Resources */ = {isa = PBXBuildFile; fileRef = 1DC411921CF3918700DCE36B /* Assets.xcassets */; };
		1DC411961CF3918700DCE36B /* LaunchScreen.storyboard in Resources */ = {isa = PBXBuildFile; fileRef = 1DC411941CF3918700DCE36B /* LaunchScreen.storyboard */; };
		1DC4119B1CF3918800DCE36B /* TrabalhoFinal_Pizza_AW WatchKit App.app in Embed Watch Content */ = {isa = PBXBuildFile; fileRef = 1DC4119A1CF3918800DCE36B /* TrabalhoFinal_Pizza_AW WatchKit App.app */; };
		1DC411A11CF3918800DCE36B /* Interface.storyboard in Resources */ = {isa = PBXBuildFile; fileRef = 1DC4119F1CF3918800DCE36B /* Interface.storyboard */; };
		1DC411AA1CF3918800DCE36B /* TrabalhoFinal_Pizza_AW WatchKit Extension.appex in Embed App Extensions */ = {isa = PBXBuildFile; fileRef = 1DC411A91CF3918800DCE36B /* TrabalhoFinal_Pizza_AW WatchKit Extension.appex */; settings = {ATTRIBUTES = (RemoveHeadersOnCopy, ); }; };
		1DC411B11CF3918800DCE36B /* ExtensionDelegate.swift in Sources */ = {isa = PBXBuildFile; fileRef = 1DC411B01CF3918800DCE36B /* ExtensionDelegate.swift */; };
		1DC411B31CF3918800DCE36B /* Assets.xcassets in Resources */ = {isa = PBXBuildFile; fileRef = 1DC411B21CF3918800DCE36B /* Assets.xcassets */; };
		1DC411C51CF3965E00DCE36B /* ViewMassa.swift in Sources */ = {isa = PBXBuildFile; fileRef = 1DC411C41CF3965E00DCE36B /* ViewMassa.swift */; };
		1DC411C71CF3967100DCE36B /* ViewTamanho.swift in Sources */ = {isa = PBXBuildFile; fileRef = 1DC411C61CF3967100DCE36B /* ViewTamanho.swift */; };
		1DC411C91CF396BE00DCE36B /* ViewQueijo.swift in Sources */ = {isa = PBXBuildFile; fileRef = 1DC411C81CF396BE00DCE36B /* ViewQueijo.swift */; };
		1DC411CB1CF396D500DCE36B /* ViewIngredientes.swift in Sources */ = {isa = PBXBuildFile; fileRef = 1DC411CA1CF396D500DCE36B /* ViewIngredientes.swift */; };
		1DC411CD1CF396EC00DCE36B /* ViewConfirmar.swift in Sources */ = {isa = PBXBuildFile; fileRef = 1DC411CC1CF396EC00DCE36B /* ViewConfirmar.swift */; };
		1DC411D11CF3973C00DCE36B /* ViewEnviado.swift in Sources */ = {isa = PBXBuildFile; fileRef = 1DC411D01CF3973C00DCE36B /* ViewEnviado.swift */; };
		1DC411D31CF3995400DCE36B /* Pizza.swift in Sources */ = {isa = PBXBuildFile; fileRef = 1DC411D21CF3995400DCE36B /* Pizza.swift */; };
		1DF3DFEC1CF63F8D008FA48A /* Assets.xcassets in Resources */ = {isa = PBXBuildFile; fileRef = 1DF3DFEB1CF63F8D008FA48A /* Assets.xcassets */; };
/* End PBXBuildFile section */

/* Begin PBXContainerItemProxy section */
		1DC4119C1CF3918800DCE36B /* PBXContainerItemProxy */ = {
			isa = PBXContainerItemProxy;
			containerPortal = 1DC411801CF3918700DCE36B /* Project object */;
			proxyType = 1;
			remoteGlobalIDString = 1DC411991CF3918800DCE36B;
			remoteInfo = "TrabalhoFinal_Pizza_AW WatchKit App";
		};
		1DC411AB1CF3918800DCE36B /* PBXContainerItemProxy */ = {
			isa = PBXContainerItemProxy;
			containerPortal = 1DC411801CF3918700DCE36B /* Project object */;
			proxyType = 1;
			remoteGlobalIDString = 1DC411A81CF3918800DCE36B;
			remoteInfo = "TrabalhoFinal_Pizza_AW WatchKit Extension";
		};
/* End PBXContainerItemProxy section */

/* Begin PBXCopyFilesBuildPhase section */
		1DC411BA1CF3918800DCE36B /* Embed App Extensions */ = {
			isa = PBXCopyFilesBuildPhase;
			buildActionMask = 2147483647;
			dstPath = "";
			dstSubfolderSpec = 13;
			files = (
				1DC411AA1CF3918800DCE36B /* TrabalhoFinal_Pizza_AW WatchKit Extension.appex in Embed App Extensions */,
			);
			name = "Embed App Extensions";
			runOnlyForDeploymentPostprocessing = 0;
		};
		1DC411BE1CF3918800DCE36B /* Embed Watch Content */ = {
			isa = PBXCopyFilesBuildPhase;
			buildActionMask = 2147483647;
			dstPath = "$(CONTENTS_FOLDER_PATH)/Watch";
			dstSubfolderSpec = 16;
			files = (
				1DC4119B1CF3918800DCE36B /* TrabalhoFinal_Pizza_AW WatchKit App.app in Embed Watch Content */,
			);
			name = "Embed Watch Content";
			runOnlyForDeploymentPostprocessing = 0;
		};
/* End PBXCopyFilesBuildPhase section */

/* Begin PBXFileReference section */
		1DC411881CF3918700DCE36B /* TrabalhoFinal_Pizza_AW.app */ = {isa = PBXFileReference; explicitFileType = wrapper.application; includeInIndex = 0; path = TrabalhoFinal_Pizza_AW.app; sourceTree = BUILT_PRODUCTS_DIR; };
		1DC4118B1CF3918700DCE36B /* AppDelegate.swift */ = {isa = PBXFileReference; lastKnownFileType = sourcecode.swift; path = AppDelegate.swift; sourceTree = "<group>"; };
		1DC4118D1CF3918700DCE36B /* ViewController.swift */ = {isa = PBXFileReference; lastKnownFileType = sourcecode.swift; path = ViewController.swift; sourceTree = "<group>"; };
		1DC411901CF3918700DCE36B /* Base */ = {isa = PBXFileReference; lastKnownFileType = file.storyboard; name = Base; path = Base.lproj/Main.storyboard; sourceTree = "<group>"; };
		1DC411921CF3918700DCE36B /* Assets.xcassets */ = {isa = PBXFileReference; lastKnownFileType = folder.assetcatalog; path = Assets.xcassets; sourceTree = "<group>"; };
		1DC411951CF3918700DCE36B /* Base */ = {isa = PBXFileReference; lastKnownFileType = file.storyboard; name = Base; path = Base.lproj/LaunchScreen.storyboard; sourceTree = "<group>"; };
		1DC411971CF3918700DCE36B /* Info.plist */ = {isa = PBXFileReference; lastKnownFileType = text.plist.xml; path = Info.plist; sourceTree = "<group>"; };
		1DC4119A1CF3918800DCE36B /* TrabalhoFinal_Pizza_AW WatchKit App.app */ = {isa = PBXFileReference; explicitFileType = wrapper.application; includeInIndex = 0; path = "TrabalhoFinal_Pizza_AW WatchKit App.app"; sourceTree = BUILT_PRODUCTS_DIR; };
		1DC411A01CF3918800DCE36B /* Base */ = {isa = PBXFileReference; lastKnownFileType = file.storyboard; name = Base; path = Base.lproj/Interface.storyboard; sourceTree = "<group>"; };
		1DC411A41CF3918800DCE36B /* Info.plist */ = {isa = PBXFileReference; lastKnownFileType = text.plist.xml; path = Info.plist; sourceTree = "<group>"; };
		1DC411A91CF3918800DCE36B /* TrabalhoFinal_Pizza_AW WatchKit Extension.appex */ = {isa = PBXFileReference; explicitFileType = "wrapper.app-extension"; includeInIndex = 0; path = "TrabalhoFinal_Pizza_AW WatchKit Extension.appex"; sourceTree = BUILT_PRODUCTS_DIR; };
		1DC411B01CF3918800DCE36B /* ExtensionDelegate.swift */ = {isa = PBXFileReference; lastKnownFileType = sourcecode.swift; path = ExtensionDelegate.swift; sourceTree = "<group>"; };
		1DC411B21CF3918800DCE36B /* Assets.xcassets */ = {isa = PBXFileReference; lastKnownFileType = folder.assetcatalog; path = Assets.xcassets; sourceTree = "<group>"; };
		1DC411B41CF3918800DCE36B /* Info.plist */ = {isa = PBXFileReference; lastKnownFileType = text.plist.xml; path = Info.plist; sourceTree = "<group>"; };
		1DC411C41CF3965E00DCE36B /* ViewMassa.swift */ = {isa = PBXFileReference; fileEncoding = 4; lastKnownFileType = sourcecode.swift; path = ViewMassa.swift; sourceTree = "<group>"; };
		1DC411C61CF3967100DCE36B /* ViewTamanho.swift */ = {isa = PBXFileReference; fileEncoding = 4; lastKnownFileType = sourcecode.swift; path = ViewTamanho.swift; sourceTree = "<group>"; };
		1DC411C81CF396BE00DCE36B /* ViewQueijo.swift */ = {isa = PBXFileReference; fileEncoding = 4; lastKnownFileType = sourcecode.swift; path = ViewQueijo.swift; sourceTree = "<group>"; };
		1DC411CA1CF396D500DCE36B /* ViewIngredientes.swift */ = {isa = PBXFileReference; fileEncoding = 4; lastKnownFileType = sourcecode.swift; path = ViewIngredientes.swift; sourceTree = "<group>"; };
		1DC411CC1CF396EC00DCE36B /* ViewConfirmar.swift */ = {isa = PBXFileReference; fileEncoding = 4; lastKnownFileType = sourcecode.swift; path = ViewConfirmar.swift; sourceTree = "<group>"; };
		1DC411D01CF3973C00DCE36B /* ViewEnviado.swift */ = {isa = PBXFileReference; fileEncoding = 4; lastKnownFileType = sourcecode.swift; path = ViewEnviado.swift; sourceTree = "<group>"; };
		1DC411D21CF3995400DCE36B /* Pizza.swift */ = {isa = PBXFileReference; fileEncoding = 4; lastKnownFileType = sourcecode.swift; path = Pizza.swift; sourceTree = "<group>"; };
		1DF3DFEB1CF63F8D008FA48A /* Assets.xcassets */ = {isa = PBXFileReference; lastKnownFileType = folder.assetcatalog; path = Assets.xcassets; sourceTree = "<group>"; };
/* End PBXFileReference section */

/* Begin PBXFrameworksBuildPhase section */
		1DC411851CF3918700DCE36B /* Frameworks */ = {
			isa = PBXFrameworksBuildPhase;
			buildActionMask = 2147483647;
			files = (
			);
			runOnlyForDeploymentPostprocessing = 0;
		};
		1DC411A61CF3918800DCE36B /* Frameworks */ = {
			isa = PBXFrameworksBuildPhase;
			buildActionMask = 2147483647;
			files = (
			);
			runOnlyForDeploymentPostprocessing = 0;
		};
/* End PBXFrameworksBuildPhase section */

/* Begin PBXGroup section */
		1DC4117F1CF3918700DCE36B = {
			isa = PBXGroup;
			children = (
				1DC4118A1CF3918700DCE36B /* TrabalhoFinal_Pizza_AW */,
				1DC4119E1CF3918800DCE36B /* TrabalhoFinal_Pizza_AW WatchKit App */,
				1DC411AD1CF3918800DCE36B /* TrabalhoFinal_Pizza_AW WatchKit Extension */,
				1DC411891CF3918700DCE36B /* Products */,
			);
			sourceTree = "<group>";
		};
		1DC411891CF3918700DCE36B /* Products */ = {
			isa = PBXGroup;
			children = (
				1DC411881CF3918700DCE36B /* TrabalhoFinal_Pizza_AW.app */,
				1DC4119A1CF3918800DCE36B /* TrabalhoFinal_Pizza_AW WatchKit App.app */,
				1DC411A91CF3918800DCE36B /* TrabalhoFinal_Pizza_AW WatchKit Extension.appex */,
			);
			name = Products;
			sourceTree = "<group>";
		};
		1DC4118A1CF3918700DCE36B /* TrabalhoFinal_Pizza_AW */ = {
			isa = PBXGroup;
			children = (
				1DC4118B1CF3918700DCE36B /* AppDelegate.swift */,
				1DC4118D1CF3918700DCE36B /* ViewController.swift */,
				1DC4118F1CF3918700DCE36B /* Main.storyboard */,
				1DC411921CF3918700DCE36B /* Assets.xcassets */,
				1DC411941CF3918700DCE36B /* LaunchScreen.storyboard */,
				1DC411971CF3918700DCE36B /* Info.plist */,
			);
			path = TrabalhoFinal_Pizza_AW;
			sourceTree = "<group>";
		};
		1DC4119E1CF3918800DCE36B /* TrabalhoFinal_Pizza_AW WatchKit App */ = {
			isa = PBXGroup;
			children = (
				1DC4119F1CF3918800DCE36B /* Interface.storyboard */,
				1DF3DFEB1CF63F8D008FA48A /* Assets.xcassets */,
				1DC411A41CF3918800DCE36B /* Info.plist */,
			);
			path = "TrabalhoFinal_Pizza_AW WatchKit App";
			sourceTree = "<group>";
		};
		1DC411AD1CF3918800DCE36B /* TrabalhoFinal_Pizza_AW WatchKit Extension */ = {
			isa = PBXGroup;
			children = (
				1DC411B01CF3918800DCE36B /* ExtensionDelegate.swift */,
				1DC411B21CF3918800DCE36B /* Assets.xcassets */,
				1DC411B41CF3918800DCE36B /* Info.plist */,
				1DC411C61CF3967100DCE36B /* ViewTamanho.swift */,
				1DC411C41CF3965E00DCE36B /* ViewMassa.swift */,
				1DC411C81CF396BE00DCE36B /* ViewQueijo.swift */,
				1DC411CA1CF396D500DCE36B /* ViewIngredientes.swift */,
				1DC411CC1CF396EC00DCE36B /* ViewConfirmar.swift */,
				1DC411D01CF3973C00DCE36B /* ViewEnviado.swift */,
				1DC411D21CF3995400DCE36B /* Pizza.swift */,
			);
			path = "TrabalhoFinal_Pizza_AW WatchKit Extension";
			sourceTree = "<group>";
		};
/* End PBXGroup section */

/* Begin PBXNativeTarget section */
		1DC411871CF3918700DCE36B /* TrabalhoFinal_Pizza_AW */ = {
			isa = PBXNativeTarget;
			buildConfigurationList = 1DC411BF1CF3918800DCE36B /* Build configuration list for PBXNativeTarget "TrabalhoFinal_Pizza_AW" */;
			buildPhases = (
				1DC411841CF3918700DCE36B /* Sources */,
				1DC411851CF3918700DCE36B /* Frameworks */,
				1DC411861CF3918700DCE36B /* Resources */,
				1DC411BE1CF3918800DCE36B /* Embed Watch Content */,
			);
			buildRules = (
			);
			dependencies = (
				1DC4119D1CF3918800DCE36B /* PBXTargetDependency */,
			);
			name = TrabalhoFinal_Pizza_AW;
			productName = TrabalhoFinal_Pizza_AW;
			productReference = 1DC411881CF3918700DCE36B /* TrabalhoFinal_Pizza_AW.app */;
			productType = "com.apple.product-type.application";
		};
		1DC411991CF3918800DCE36B /* TrabalhoFinal_Pizza_AW WatchKit App */ = {
			isa = PBXNativeTarget;
			buildConfigurationList = 1DC411BB1CF3918800DCE36B /* Build configuration list for PBXNativeTarget "TrabalhoFinal_Pizza_AW WatchKit App" */;
			buildPhases = (
				1DC411981CF3918800DCE36B /* Resources */,
				1DC411BA1CF3918800DCE36B /* Embed App Extensions */,
			);
			buildRules = (
			);
			dependencies = (
				1DC411AC1CF3918800DCE36B /* PBXTargetDependency */,
			);
			name = "TrabalhoFinal_Pizza_AW WatchKit App";
			productName = "TrabalhoFinal_Pizza_AW WatchKit App";
			productReference = 1DC4119A1CF3918800DCE36B /* TrabalhoFinal_Pizza_AW WatchKit App.app */;
			productType = "com.apple.product-type.application.watchapp2";
		};
		1DC411A81CF3918800DCE36B /* TrabalhoFinal_Pizza_AW WatchKit Extension */ = {
			isa = PBXNativeTarget;
			buildConfigurationList = 1DC411B71CF3918800DCE36B /* Build configuration list for PBXNativeTarget "TrabalhoFinal_Pizza_AW WatchKit Extension" */;
			buildPhases = (
				1DC411A51CF3918800DCE36B /* Sources */,
				1DC411A61CF3918800DCE36B /* Frameworks */,
				1DC411A71CF3918800DCE36B /* Resources */,
			);
			buildRules = (
			);
			dependencies = (
			);
			name = "TrabalhoFinal_Pizza_AW WatchKit Extension";
			productName = "TrabalhoFinal_Pizza_AW WatchKit Extension";
			productReference = 1DC411A91CF3918800DCE36B /* TrabalhoFinal_Pizza_AW WatchKit Extension.appex */;
			productType = "com.apple.product-type.watchkit2-extension";
		};
/* End PBXNativeTarget section */

/* Begin PBXProject section */
		1DC411801CF3918700DCE36B /* Project object */ = {
			isa = PBXProject;
			attributes = {
				LastSwiftUpdateCheck = 0730;
				LastUpgradeCheck = 0730;
				ORGANIZATIONNAME = Zuchetto;
				TargetAttributes = {
					1DC411871CF3918700DCE36B = {
						CreatedOnToolsVersion = 7.3;
						DevelopmentTeam = 3ZFU2AVA4F;
					};
					1DC411991CF3918800DCE36B = {
						CreatedOnToolsVersion = 7.3;
						DevelopmentTeam = 3ZFU2AVA4F;
					};
					1DC411A81CF3918800DCE36B = {
						CreatedOnToolsVersion = 7.3;
						DevelopmentTeam = 3ZFU2AVA4F;
					};
				};
			};
			buildConfigurationList = 1DC411831CF3918700DCE36B /* Build configuration list for PBXProject "TrabalhoFinal_Pizza_AW" */;
			compatibilityVersion = "Xcode 3.2";
			developmentRegion = English;
			hasScannedForEncodings = 0;
			knownRegions = (
				en,
				Base,
			);
			mainGroup = 1DC4117F1CF3918700DCE36B;
			productRefGroup = 1DC411891CF3918700DCE36B /* Products */;
			projectDirPath = "";
			projectRoot = "";
			targets = (
				1DC411871CF3918700DCE36B /* TrabalhoFinal_Pizza_AW */,
				1DC411991CF3918800DCE36B /* TrabalhoFinal_Pizza_AW WatchKit App */,
				1DC411A81CF3918800DCE36B /* TrabalhoFinal_Pizza_AW WatchKit Extension */,
			);
		};
/* End PBXProject section */

/* Begin PBXResourcesBuildPhase section */
		1DC411861CF3918700DCE36B /* Resources */ = {
			isa = PBXResourcesBuildPhase;
			buildActionMask = 2147483647;
			files = (
				1DC411961CF3918700DCE36B /* LaunchScreen.storyboard in Resources */,
				1DC411931CF3918700DCE36B /* Assets.xcassets in Resources */,
				1DC411911CF3918700DCE36B /* Main.storyboard in Resources */,
			);
			runOnlyForDeploymentPostprocessing = 0;
		};
		1DC411981CF3918800DCE36B /* Resources */ = {
			isa = PBXResourcesBuildPhase;
			buildActionMask = 2147483647;
			files = (
				1DF3DFEC1CF63F8D008FA48A /* Assets.xcassets in Resources */,
				1DC411A11CF3918800DCE36B /* Interface.storyboard in Resources */,
			);
			runOnlyForDeploymentPostprocessing = 0;
		};
		1DC411A71CF3918800DCE36B /* Resources */ = {
			isa = PBXResourcesBuildPhase;
			buildActionMask = 2147483647;
			files = (
				1DC411B31CF3918800DCE36B /* Assets.xcassets in Resources */,
			);
			runOnlyForDeploymentPostprocessing = 0;
		};
/* End PBXResourcesBuildPhase section */

/* Begin PBXSourcesBuildPhase section */
		1DC411841CF3918700DCE36B /* Sources */ = {
			isa = PBXSourcesBuildPhase;
			buildActionMask = 2147483647;
			files = (
				1DC4118E1CF3918700DCE36B /* ViewController.swift in Sources */,
				1DC4118C1CF3918700DCE36B /* AppDelegate.swift in Sources */,
			);
			runOnlyForDeploymentPostprocessing = 0;
		};
		1DC411A51CF3918800DCE36B /* Sources */ = {
			isa = PBXSourcesBuildPhase;
			buildActionMask = 2147483647;
			files = (
				1DC411C51CF3965E00DCE36B /* ViewMassa.swift in Sources */,
				1DC411CB1CF396D500DCE36B /* ViewIngredientes.swift in Sources */,
				1DC411B11CF3918800DCE36B /* ExtensionDelegate.swift in Sources */,
				1DC411C71CF3967100DCE36B /* ViewTamanho.swift in Sources */,
				1DC411D31CF3995400DCE36B /* Pizza.swift in Sources */,
				1DC411D11CF3973C00DCE36B /* ViewEnviado.swift in Sources */,
				1DC411CD1CF396EC00DCE36B /* ViewConfirmar.swift in Sources */,
				1DC411C91CF396BE00DCE36B /* ViewQueijo.swift in Sources */,
			);
			runOnlyForDeploymentPostprocessing = 0;
		};
/* End PBXSourcesBuildPhase section */

/* Begin PBXTargetDependency section */
		1DC4119D1CF3918800DCE36B /* PBXTargetDependency */ = {
			isa = PBXTargetDependency;
			target = 1DC411991CF3918800DCE36B /* TrabalhoFinal_Pizza_AW WatchKit App */;
			targetProxy = 1DC4119C1CF3918800DCE36B /* PBXContainerItemProxy */;
		};
		1DC411AC1CF3918800DCE36B /* PBXTargetDependency */ = {
			isa = PBXTargetDependency;
			target = 1DC411A81CF3918800DCE36B /* TrabalhoFinal_Pizza_AW WatchKit Extension */;
			targetProxy = 1DC411AB1CF3918800DCE36B /* PBXContainerItemProxy */;
		};
/* End PBXTargetDependency section */

/* Begin PBXVariantGroup section */
		1DC4118F1CF3918700DCE36B /* Main.storyboard */ = {
			isa = PBXVariantGroup;
			children = (
				1DC411901CF3918700DCE36B /* Base */,
			);
			name = Main.storyboard;
			sourceTree = "<group>";
		};
		1DC411941CF3918700DCE36B /* LaunchScreen.storyboard */ = {
			isa = PBXVariantGroup;
			children = (
				1DC411951CF3918700DCE36B /* Base */,
			);
			name = LaunchScreen.storyboard;
			sourceTree = "<group>";
		};
		1DC4119F1CF3918800DCE36B /* Interface.storyboard */ = {
			isa = PBXVariantGroup;
			children = (
				1DC411A01CF3918800DCE36B /* Base */,
			);
			name = Interface.storyboard;
			sourceTree = "<group>";
		};
/* End PBXVariantGroup section */

/* Begin XCBuildConfiguration section */
		1DC411B51CF3918800DCE36B /* Debug */ = {
			isa = XCBuildConfiguration;
			buildSettings = {
				ALWAYS_SEARCH_USER_PATHS = NO;
				CLANG_ANALYZER_NONNULL = YES;
				CLANG_CXX_LANGUAGE_STANDARD = "gnu++0x";
				CLANG_CXX_LIBRARY = "libc++";
				CLANG_ENABLE_MODULES = YES;
				CLANG_ENABLE_OBJC_ARC = YES;
				CLANG_WARN_BOOL_CONVERSION = YES;
				CLANG_WARN_CONSTANT_CONVERSION = YES;
				CLANG_WARN_DIRECT_OBJC_ISA_USAGE = YES_ERROR;
				CLANG_WARN_EMPTY_BODY = YES;
				CLANG_WARN_ENUM_CONVERSION = YES;
				CLANG_WARN_INT_CONVERSION = YES;
				CLANG_WARN_OBJC_ROOT_CLASS = YES_ERROR;
				CLANG_WARN_UNREACHABLE_CODE = YES;
				CLANG_WARN__DUPLICATE_METHOD_MATCH = YES;
				"CODE_SIGN_IDENTITY[sdk=iphoneos*]" = "iPhone Developer";
				COPY_PHASE_STRIP = NO;
				DEBUG_INFORMATION_FORMAT = dwarf;
				ENABLE_STRICT_OBJC_MSGSEND = YES;
				ENABLE_TESTABILITY = YES;
				GCC_C_LANGUAGE_STANDARD = gnu99;
				GCC_DYNAMIC_NO_PIC = NO;
				GCC_NO_COMMON_BLOCKS = YES;
				GCC_OPTIMIZATION_LEVEL = 0;
				GCC_PREPROCESSOR_DEFINITIONS = (
					"DEBUG=1",
					"$(inherited)",
				);
				GCC_WARN_64_TO_32_BIT_CONVERSION = YES;
				GCC_WARN_ABOUT_RETURN_TYPE = YES_ERROR;
				GCC_WARN_UNDECLARED_SELECTOR = YES;
				GCC_WARN_UNINITIALIZED_AUTOS = YES_AGGRESSIVE;
				GCC_WARN_UNUSED_FUNCTION = YES;
				GCC_WARN_UNUSED_VARIABLE = YES;
				IPHONEOS_DEPLOYMENT_TARGET = 9.3;
				MTL_ENABLE_DEBUG_INFO = YES;
				ONLY_ACTIVE_ARCH = YES;
				SDKROOT = iphoneos;
				SWIFT_OPTIMIZATION_LEVEL = "-Onone";
				TARGETED_DEVICE_FAMILY = "1,2";
			};
			name = Debug;
		};
		1DC411B61CF3918800DCE36B /* Release */ = {
			isa = XCBuildConfiguration;
			buildSettings = {
				ALWAYS_SEARCH_USER_PATHS = NO;
				CLANG_ANALYZER_NONNULL = YES;
				CLANG_CXX_LANGUAGE_STANDARD = "gnu++0x";
				CLANG_CXX_LIBRARY = "libc++";
				CLANG_ENABLE_MODULES = YES;
				CLANG_ENABLE_OBJC_ARC = YES;
				CLANG_WARN_BOOL_CONVERSION = YES;
				CLANG_WARN_CONSTANT_CONVERSION = YES;
				CLANG_WARN_DIRECT_OBJC_ISA_USAGE = YES_ERROR;
				CLANG_WARN_EMPTY_BODY = YES;
				CLANG_WARN_ENUM_CONVERSION = YES;
				CLANG_WARN_INT_CONVERSION = YES;
				CLANG_WARN_OBJC_ROOT_CLASS = YES_ERROR;
				CLANG_WARN_UNREACHABLE_CODE = YES;
				CLANG_WARN__DUPLICATE_METHOD_MATCH = YES;
				"CODE_SIGN_IDENTITY[sdk=iphoneos*]" = "iPhone Developer";
				COPY_PHASE_STRIP = NO;
				DEBUG_INFORMATION_FORMAT = "dwarf-with-dsym";
				ENABLE_NS_ASSERTIONS = NO;
				ENABLE_STRICT_OBJC_MSGSEND = YES;
				GCC_C_LANGUAGE_STANDARD = gnu99;
				GCC_NO_COMMON_BLOCKS = YES;
				GCC_WARN_64_TO_32_BIT_CONVERSION = YES;
				GCC_WARN_ABOUT_RETURN_TYPE = YES_ERROR;
				GCC_WARN_UNDECLARED_SELECTOR = YES;
				GCC_WARN_UNINITIALIZED_AUTOS = YES_AGGRESSIVE;
				GCC_WARN_UNUSED_FUNCTION = YES;
				GCC_WARN_UNUSED_VARIABLE = YES;
				IPHONEOS_DEPLOYMENT_TARGET = 9.3;
				MTL_ENABLE_DEBUG_INFO = NO;
				SDKROOT = iphoneos;
				TARGETED_DEVICE_FAMILY = "1,2";
				VALIDATE_PRODUCT = YES;
			};
			name = Release;
		};
		1DC411B81CF3918800DCE36B /* Debug */ = {
			isa = XCBuildConfiguration;
			buildSettings = {
				INFOPLIST_FILE = "TrabalhoFinal_Pizza_AW WatchKit Extension/Info.plist";
				LD_RUNPATH_SEARCH_PATHS = "$(inherited) @executable_path/Frameworks @executable_path/../../Frameworks";
				PRODUCT_BUNDLE_IDENTIFIER = "br.com.zuchetto.TrabalhoFinal-Pizza-AW.watchkitapp.watchkitextension";
				PRODUCT_NAME = "${TARGET_NAME}";
				SDKROOT = watchos;
				SKIP_INSTALL = YES;
				TARGETED_DEVICE_FAMILY = 4;
				WATCHOS_DEPLOYMENT_TARGET = 2.2;
			};
			name = Debug;
		};
		1DC411B91CF3918800DCE36B /* Release */ = {
			isa = XCBuildConfiguration;
			buildSettings = {
				INFOPLIST_FILE = "TrabalhoFinal_Pizza_AW WatchKit Extension/Info.plist";
				LD_RUNPATH_SEARCH_PATHS = "$(inherited) @executable_path/Frameworks @executable_path/../../Frameworks";
				PRODUCT_BUNDLE_IDENTIFIER = "br.com.zuchetto.TrabalhoFinal-Pizza-AW.watchkitapp.watchkitextension";
				PRODUCT_NAME = "${TARGET_NAME}";
				SDKROOT = watchos;
				SKIP_INSTALL = YES;
				TARGETED_DEVICE_FAMILY = 4;
				WATCHOS_DEPLOYMENT_TARGET = 2.2;
			};
			name = Release;
		};
		1DC411BC1CF3918800DCE36B /* Debug */ = {
			isa = XCBuildConfiguration;
			buildSettings = {
				ASSETCATALOG_COMPILER_APPICON_NAME = AppIcon;
				EMBEDDED_CONTENT_CONTAINS_SWIFT = YES;
				IBSC_MODULE = TrabalhoFinal_Pizza_AW_WatchKit_Extension;
				INFOPLIST_FILE = "TrabalhoFinal_Pizza_AW WatchKit App/Info.plist";
				PRODUCT_BUNDLE_IDENTIFIER = "br.com.zuchetto.TrabalhoFinal-Pizza-AW.watchkitapp";
				PRODUCT_NAME = "$(TARGET_NAME)";
				SDKROOT = watchos;
				SKIP_INSTALL = YES;
				TARGETED_DEVICE_FAMILY = 4;
				WATCHOS_DEPLOYMENT_TARGET = 2.2;
			};
			name = Debug;
		};
		1DC411BD1CF3918800DCE36B /* Release */ = {
			isa = XCBuildConfiguration;
			buildSettings = {
				ASSETCATALOG_COMPILER_APPICON_NAME = AppIcon;
				EMBEDDED_CONTENT_CONTAINS_SWIFT = YES;
				IBSC_MODULE = TrabalhoFinal_Pizza_AW_WatchKit_Extension;
				INFOPLIST_FILE = "TrabalhoFinal_Pizza_AW WatchKit App/Info.plist";
				PRODUCT_BUNDLE_IDENTIFIER = "br.com.zuchetto.TrabalhoFinal-Pizza-AW.watchkitapp";
				PRODUCT_NAME = "$(TARGET_NAME)";
				SDKROOT = watchos;
				SKIP_INSTALL = YES;
				TARGETED_DEVICE_FAMILY = 4;
				WATCHOS_DEPLOYMENT_TARGET = 2.2;
			};
			name = Release;
		};
		1DC411C01CF3918800DCE36B /* Debug */ = {
			isa = XCBuildConfiguration;
			buildSettings = {
				ASSETCATALOG_COMPILER_APPICON_NAME = AppIcon;
				INFOPLIST_FILE = TrabalhoFinal_Pizza_AW/Info.plist;
				LD_RUNPATH_SEARCH_PATHS = "$(inherited) @executable_path/Frameworks";
				PRODUCT_BUNDLE_IDENTIFIER = "br.com.zuchetto.TrabalhoFinal-Pizza-AW";
				PRODUCT_NAME = "$(TARGET_NAME)";
			};
			name = Debug;
		};
		1DC411C11CF3918800DCE36B /* Release */ = {
			isa = XCBuildConfiguration;
			buildSettings = {
				ASSETCATALOG_COMPILER_APPICON_NAME = AppIcon;
				INFOPLIST_FILE = TrabalhoFinal_Pizza_AW/Info.plist;
				LD_RUNPATH_SEARCH_PATHS = "$(inherited) @executable_path/Frameworks";
				PRODUCT_BUNDLE_IDENTIFIER = "br.com.zuchetto.TrabalhoFinal-Pizza-AW";
				PRODUCT_NAME = "$(TARGET_NAME)";
			};
			name = Release;
		};
/* End XCBuildConfiguration section */

/* Begin XCConfigurationList section */
		1DC411831CF3918700DCE36B /* Build configuration list for PBXProject "TrabalhoFinal_Pizza_AW" */ = {
			isa = XCConfigurationList;
			buildConfigurations = (
				1DC411B51CF3918800DCE36B /* Debug */,
				1DC411B61CF3918800DCE36B /* Release */,
			);
			defaultConfigurationIsVisible = 0;
			defaultConfigurationName = Release;
		};
		1DC411B71CF3918800DCE36B /* Build configuration list for PBXNativeTarget "TrabalhoFinal_Pizza_AW WatchKit Extension" */ = {
			isa = XCConfigurationList;
			buildConfigurations = (
				1DC411B81CF3918800DCE36B /* Debug */,
				1DC411B91CF3918800DCE36B /* Release */,
			);
			defaultConfigurationIsVisible = 0;
			defaultConfigurationName = Release;
		};
		1DC411BB1CF3918800DCE36B /* Build configuration list for PBXNativeTarget "TrabalhoFinal_Pizza_AW WatchKit App" */ = {
			isa = XCConfigurationList;
			buildConfigurations = (
				1DC411BC1CF3918800DCE36B /* Debug */,
				1DC411BD1CF3918800DCE36B /* Release */,
			);
			defaultConfigurationIsVisible = 0;
			defaultConfigurationName = Release;
		};
		1DC411BF1CF3918800DCE36B /* Build configuration list for PBXNativeTarget "TrabalhoFinal_Pizza_AW" */ = {
			isa = XCConfigurationList;
			buildConfigurations = (
				1DC411C01CF3918800DCE36B /* Debug */,
				1DC411C11CF3918800DCE36B /* Release */,
			);
			defaultConfigurationIsVisible = 0;
			defaultConfigurationName = Release;
		};
/* End XCConfigurationList section */
	};
	rootObject = 1DC411801CF3918700DCE36B /* Project object */;
}
